
Microsoft Visual Studio Solution File, Format Version 12.00
# Visual Studio Version 17
VisualStudioVersion = 17.0.31903.59
MinimumVisualStudioVersion = 10.0.40219.1
Project("{FAE04EC0-301F-11D3-BF4B-00C04F79EFBC}") = "AgentUp.Server", "AgentUp.Server\AgentUp.Server.csproj", "{8A8955FB-D91D-4584-AD42-5D8BC843F558}"
EndProject
Project("{FAE04EC0-301F-11D3-BF4B-00C04F79EFBC}") = "AgentUp.Server.Tests", "AgentUp.Server.Tests\AgentUp.Server.Tests.csproj", "{FF67AF61-1388-4079-93CE-BD1D614D9B9E}"
EndProject
Project("{FAE04EC0-301F-11D3-BF4B-00C04F79EFBC}") = "AgentUp.CLI", "AgentUp.CLI\AgentUp.CLI.csproj", "{92C64C6E-95D7-4587-B599-3BEF7D489626}"
EndProject
Project("{FAE04EC0-301F-11D3-BF4B-00C04F79EFBC}") = "AgentUp.CLI.Tests", "AgentUp.CLI.Tests\AgentUp.CLI.Tests.csproj", "{ED8E5086-2758-4BFB-8ABF-50CE5FDE6B7E}"
EndProject
Project("{FAE04EC0-301F-11D3-BF4B-00C04F79EFBC}") = "AgentUp.Desktop", "AgentUp.Desktop\AgentUp.Desktop.csproj", "{B796DF3E-DD1A-46B8-8F55-06261264E9CD}"
EndProject
Project("{FAE04EC0-301F-11D3-BF4B-00C04F79EFBC}") = "AgentUp.Desktop.Tests", "AgentUp.Desktop.Tests\AgentUp.Desktop.Tests.csproj", "{F12C472F-6E12-450A-B4C5-452B5857E75C}"
EndProject
Project("{FAE04EC0-301F-11D3-BF4B-00C04F79EFBC}") = "AgentUp.Tests", "AgentUp.Tests\AgentUp.Tests.csproj", "{E559BFB6-C554-4B46-9CE1-AC58D03D849F}"
EndProject
Project("{FAE04EC0-301F-11D3-BF4B-00C04F79EFBC}") = "AgentUp.Installers", "AgentUp.Installers\AgentUp.Installers.csproj", "{2641D262-B06B-4944-A0DB-16494CC4FF9A}"
EndProject
Project("{FAE04EC0-301F-11D3-BF4B-00C04F79EFBC}") = "AgentUp.Installers.Tests", "AgentUp.Installers.Tests\AgentUp.Installers.Tests.csproj", "{49197ED9-22E5-48B8-8045-D8FE8568BA93}"
EndProject
Global
	GlobalSection(SolutionConfigurationPlatforms) = preSolution
		Debug|Any CPU = Debug|Any CPU
		Debug|x64 = Debug|x64
		Debug|x86 = Debug|x86
		Release|Any CPU = Release|Any CPU
		Release|x64 = Release|x64
		Release|x86 = Release|x86
	EndGlobalSection
	GlobalSection(ProjectConfigurationPlatforms) = postSolution
		{8A8955FB-D91D-4584-AD42-5D8BC843F558}.Debug|Any CPU.ActiveCfg = Debug|Any CPU
		{8A8955FB-D91D-4584-AD42-5D8BC843F558}.Debug|Any CPU.Build.0 = Debug|Any CPU
		{8A8955FB-D91D-4584-AD42-5D8BC843F558}.Debug|x64.ActiveCfg = Debug|Any CPU
		{8A8955FB-D91D-4584-AD42-5D8BC843F558}.Debug|x64.Build.0 = Debug|Any CPU
		{8A8955FB-D91D-4584-AD42-5D8BC843F558}.Debug|x86.ActiveCfg = Debug|Any CPU
		{8A8955FB-D91D-4584-AD42-5D8BC843F558}.Debug|x86.Build.0 = Debug|Any CPU
		{8A8955FB-D91D-4584-AD42-5D8BC843F558}.Release|Any CPU.ActiveCfg = Release|Any CPU
		{8A8955FB-D91D-4584-AD42-5D8BC843F558}.Release|Any CPU.Build.0 = Release|Any CPU
		{8A8955FB-D91D-4584-AD42-5D8BC843F558}.Release|x64.ActiveCfg = Release|Any CPU
		{8A8955FB-D91D-4584-AD42-5D8BC843F558}.Release|x64.Build.0 = Release|Any CPU
		{8A8955FB-D91D-4584-AD42-5D8BC843F558}.Release|x86.ActiveCfg = Release|Any CPU
		{8A8955FB-D91D-4584-AD42-5D8BC843F558}.Release|x86.Build.0 = Release|Any CPU
		{FF67AF61-1388-4079-93CE-BD1D614D9B9E}.Debug|Any CPU.ActiveCfg = Debug|Any CPU
		{FF67AF61-1388-4079-93CE-BD1D614D9B9E}.Debug|Any CPU.Build.0 = Debug|Any CPU
		{FF67AF61-1388-4079-93CE-BD1D614D9B9E}.Debug|x64.ActiveCfg = Debug|Any CPU
		{FF67AF61-1388-4079-93CE-BD1D614D9B9E}.Debug|x64.Build.0 = Debug|Any CPU
		{FF67AF61-1388-4079-93CE-BD1D614D9B9E}.Debug|x86.ActiveCfg = Debug|Any CPU
		{FF67AF61-1388-4079-93CE-BD1D614D9B9E}.Debug|x86.Build.0 = Debug|Any CPU
		{FF67AF61-1388-4079-93CE-BD1D614D9B9E}.Release|Any CPU.ActiveCfg = Release|Any CPU
		{FF67AF61-1388-4079-93CE-BD1D614D9B9E}.Release|Any CPU.Build.0 = Release|Any CPU
		{FF67AF61-1388-4079-93CE-BD1D614D9B9E}.Release|x64.ActiveCfg = Release|Any CPU
		{FF67AF61-1388-4079-93CE-BD1D614D9B9E}.Release|x64.Build.0 = Release|Any CPU
		{FF67AF61-1388-4079-93CE-BD1D614D9B9E}.Release|x86.ActiveCfg = Release|Any CPU
		{FF67AF61-1388-4079-93CE-BD1D614D9B9E}.Release|x86.Build.0 = Release|Any CPU
		{92C64C6E-95D7-4587-B599-3BEF7D489626}.Debug|Any CPU.ActiveCfg = Debug|Any CPU
		{92C64C6E-95D7-4587-B599-3BEF7D489626}.Debug|Any CPU.Build.0 = Debug|Any CPU
		{92C64C6E-95D7-4587-B599-3BEF7D489626}.Debug|x64.ActiveCfg = Debug|Any CPU
		{92C64C6E-95D7-4587-B599-3BEF7D489626}.Debug|x64.Build.0 = Debug|Any CPU
		{92C64C6E-95D7-4587-B599-3BEF7D489626}.Debug|x86.ActiveCfg = Debug|Any CPU
		{92C64C6E-95D7-4587-B599-3BEF7D489626}.Debug|x86.Build.0 = Debug|Any CPU
		{92C64C6E-95D7-4587-B599-3BEF7D489626}.Release|Any CPU.ActiveCfg = Release|Any CPU
		{92C64C6E-95D7-4587-B599-3BEF7D489626}.Release|Any CPU.Build.0 = Release|Any CPU
		{92C64C6E-95D7-4587-B599-3BEF7D489626}.Release|x64.ActiveCfg = Release|Any CPU
		{92C64C6E-95D7-4587-B599-3BEF7D489626}.Release|x64.Build.0 = Release|Any CPU
		{92C64C6E-95D7-4587-B599-3BEF7D489626}.Release|x86.ActiveCfg = Release|Any CPU
		{92C64C6E-95D7-4587-B599-3BEF7D489626}.Release|x86.Build.0 = Release|Any CPU
		{ED8E5086-2758-4BFB-8ABF-50CE5FDE6B7E}.Debug|Any CPU.ActiveCfg = Debug|Any CPU
		{ED8E5086-2758-4BFB-8ABF-50CE5FDE6B7E}.Debug|Any CPU.Build.0 = Debug|Any CPU
		{ED8E5086-2758-4BFB-8ABF-50CE5FDE6B7E}.Debug|x64.ActiveCfg = Debug|Any CPU
		{ED8E5086-2758-4BFB-8ABF-50CE5FDE6B7E}.Debug|x64.Build.0 = Debug|Any CPU
		{ED8E5086-2758-4BFB-8ABF-50CE5FDE6B7E}.Debug|x86.ActiveCfg = Debug|Any CPU
		{ED8E5086-2758-4BFB-8ABF-50CE5FDE6B7E}.Debug|x86.Build.0 = Debug|Any CPU
		{ED8E5086-2758-4BFB-8ABF-50CE5FDE6B7E}.Release|Any CPU.ActiveCfg = Release|Any CPU
		{ED8E5086-2758-4BFB-8ABF-50CE5FDE6B7E}.Release|Any CPU.Build.0 = Release|Any CPU
		{ED8E5086-2758-4BFB-8ABF-50CE5FDE6B7E}.Release|x64.ActiveCfg = Release|Any CPU
		{ED8E5086-2758-4BFB-8ABF-50CE5FDE6B7E}.Release|x64.Build.0 = Release|Any CPU
		{ED8E5086-2758-4BFB-8ABF-50CE5FDE6B7E}.Release|x86.ActiveCfg = Release|Any CPU
		{ED8E5086-2758-4BFB-8ABF-50CE5FDE6B7E}.Release|x86.Build.0 = Release|Any CPU
		{B796DF3E-DD1A-46B8-8F55-06261264E9CD}.Debug|Any CPU.ActiveCfg = Debug|Any CPU
		{B796DF3E-DD1A-46B8-8F55-06261264E9CD}.Debug|Any CPU.Build.0 = Debug|Any CPU
		{B796DF3E-DD1A-46B8-8F55-06261264E9CD}.Debug|x64.ActiveCfg = Debug|Any CPU
		{B796DF3E-DD1A-46B8-8F55-06261264E9CD}.Debug|x64.Build.0 = Debug|Any CPU
		{B796DF3E-DD1A-46B8-8F55-06261264E9CD}.Debug|x86.ActiveCfg = Debug|Any CPU
		{B796DF3E-DD1A-46B8-8F55-06261264E9CD}.Debug|x86.Build.0 = Debug|Any CPU
		{B796DF3E-DD1A-46B8-8F55-06261264E9CD}.Release|Any CPU.ActiveCfg = Release|Any CPU
		{B796DF3E-DD1A-46B8-8F55-06261264E9CD}.Release|Any CPU.Build.0 = Release|Any CPU
		{B796DF3E-DD1A-46B8-8F55-06261264E9CD}.Release|x64.ActiveCfg = Release|Any CPU
		{B796DF3E-DD1A-46B8-8F55-06261264E9CD}.Release|x64.Build.0 = Release|Any CPU
		{B796DF3E-DD1A-46B8-8F55-06261264E9CD}.Release|x86.ActiveCfg = Release|Any CPU
		{B796DF3E-DD1A-46B8-8F55-06261264E9CD}.Release|x86.Build.0 = Release|Any CPU
		{F12C472F-6E12-450A-B4C5-452B5857E75C}.Debug|Any CPU.ActiveCfg = Debug|Any CPU
		{F12C472F-6E12-450A-B4C5-452B5857E75C}.Debug|Any CPU.Build.0 = Debug|Any CPU
		{F12C472F-6E12-450A-B4C5-452B5857E75C}.Debug|x64.ActiveCfg = Debug|Any CPU
		{F12C472F-6E12-450A-B4C5-452B5857E75C}.Debug|x64.Build.0 = Debug|Any CPU
		{F12C472F-6E12-450A-B4C5-452B5857E75C}.Debug|x86.ActiveCfg = Debug|Any CPU
		{F12C472F-6E12-450A-B4C5-452B5857E75C}.Debug|x86.Build.0 = Debug|Any CPU
		{F12C472F-6E12-450A-B4C5-452B5857E75C}.Release|Any CPU.ActiveCfg = Release|Any CPU
		{F12C472F-6E12-450A-B4C5-452B5857E75C}.Release|Any CPU.Build.0 = Release|Any CPU
		{F12C472F-6E12-450A-B4C5-452B5857E75C}.Release|x64.ActiveCfg = Release|Any CPU
		{F12C472F-6E12-450A-B4C5-452B5857E75C}.Release|x64.Build.0 = Release|Any CPU
		{F12C472F-6E12-450A-B4C5-452B5857E75C}.Release|x86.ActiveCfg = Release|Any CPU
		{F12C472F-6E12-450A-B4C5-452B5857E75C}.Release|x86.Build.0 = Release|Any CPU
		{E559BFB6-C554-4B46-9CE1-AC58D03D849F}.Debug|Any CPU.ActiveCfg = Debug|Any CPU
		{E559BFB6-C554-4B46-9CE1-AC58D03D849F}.Debug|Any CPU.Build.0 = Debug|Any CPU
		{E559BFB6-C554-4B46-9CE1-AC58D03D849F}.Debug|x64.ActiveCfg = Debug|Any CPU
		{E559BFB6-C554-4B46-9CE1-AC58D03D849F}.Debug|x64.Build.0 = Debug|Any CPU
		{E559BFB6-C554-4B46-9CE1-AC58D03D849F}.Debug|x86.ActiveCfg = Debug|Any CPU
		{E559BFB6-C554-4B46-9CE1-AC58D03D849F}.Debug|x86.Build.0 = Debug|Any CPU
		{E559BFB6-C554-4B46-9CE1-AC58D03D849F}.Release|Any CPU.ActiveCfg = Release|Any CPU
		{E559BFB6-C554-4B46-9CE1-AC58D03D849F}.Release|Any CPU.Build.0 = Release|Any CPU
		{E559BFB6-C554-4B46-9CE1-AC58D03D849F}.Release|x64.ActiveCfg = Release|Any CPU
		{E559BFB6-C554-4B46-9CE1-AC58D03D849F}.Release|x64.Build.0 = Release|Any CPU
		{E559BFB6-C554-4B46-9CE1-AC58D03D849F}.Release|x86.ActiveCfg = Release|Any CPU
		{E559BFB6-C554-4B46-9CE1-AC58D03D849F}.Release|x86.Build.0 = Release|Any CPU
		{2641D262-B06B-4944-A0DB-16494CC4FF9A}.Debug|Any CPU.ActiveCfg = Debug|Any CPU
		{2641D262-B06B-4944-A0DB-16494CC4FF9A}.Debug|Any CPU.Build.0 = Debug|Any CPU
		{2641D262-B06B-4944-A0DB-16494CC4FF9A}.Debug|x64.ActiveCfg = Debug|Any CPU
		{2641D262-B06B-4944-A0DB-16494CC4FF9A}.Debug|x64.Build.0 = Debug|Any CPU
		{2641D262-B06B-4944-A0DB-16494CC4FF9A}.Debug|x86.ActiveCfg = Debug|Any CPU
		{2641D262-B06B-4944-A0DB-16494CC4FF9A}.Debug|x86.Build.0 = Debug|Any CPU
		{2641D262-B06B-4944-A0DB-16494CC4FF9A}.Release|Any CPU.ActiveCfg = Release|Any CPU
		{2641D262-B06B-4944-A0DB-16494CC4FF9A}.Release|Any CPU.Build.0 = Release|Any CPU
		{2641D262-B06B-4944-A0DB-16494CC4FF9A}.Release|x64.ActiveCfg = Release|Any CPU
		{2641D262-B06B-4944-A0DB-16494CC4FF9A}.Release|x64.Build.0 = Release|Any CPU
		{2641D262-B06B-4944-A0DB-16494CC4FF9A}.Release|x86.ActiveCfg = Release|Any CPU
		{2641D262-B06B-4944-A0DB-16494CC4FF9A}.Release|x86.Build.0 = Release|Any CPU
		{49197ED9-22E5-48B8-8045-D8FE8568BA93}.Debug|Any CPU.ActiveCfg = Debug|Any CPU
		{49197ED9-22E5-48B8-8045-D8FE8568BA93}.Debug|Any CPU.Build.0 = Debug|Any CPU
		{49197ED9-22E5-48B8-8045-D8FE8568BA93}.Debug|x64.ActiveCfg = Debug|Any CPU
		{49197ED9-22E5-48B8-8045-D8FE8568BA93}.Debug|x64.Build.0 = Debug|Any CPU
		{49197ED9-22E5-48B8-8045-D8FE8568BA93}.Debug|x86.ActiveCfg = Debug|Any CPU
		{49197ED9-22E5-48B8-8045-D8FE8568BA93}.Debug|x86.Build.0 = Debug|Any CPU
		{49197ED9-22E5-48B8-8045-D8FE8568BA93}.Release|Any CPU.ActiveCfg = Release|Any CPU
		{49197ED9-22E5-48B8-8045-D8FE8568BA93}.Release|Any CPU.Build.0 = Release|Any CPU
		{49197ED9-22E5-48B8-8045-D8FE8568BA93}.Release|x64.ActiveCfg = Release|Any CPU
		{49197ED9-22E5-48B8-8045-D8FE8568BA93}.Release|x64.Build.0 = Release|Any CPU
		{49197ED9-22E5-48B8-8045-D8FE8568BA93}.Release|x86.ActiveCfg = Release|Any CPU
		{49197ED9-22E5-48B8-8045-D8FE8568BA93}.Release|x86.Build.0 = Release|Any CPU
	EndGlobalSection
	GlobalSection(SolutionProperties) = preSolution
		HideSolutionNode = FALSE
	EndGlobalSection
EndGlobal
