
Microsoft Visual Studio Solution File, Format Version 12.00
# Visual Studio Version 17
VisualStudioVersion = 17.0.31903.59
MinimumVisualStudioVersion = 10.0.40219.1
Project("{FAE04EC0-301F-11D3-BF4B-00C04F79EFBC}") = "AgentUp.Server", "AgentUp.Server\AgentUp.Server.csproj", "{8A8955FB-D91D-4584-AD42-5D8BC843F558}"
EndProject
Project("{FAE04EC0-301F-11D3-BF4B-00C04F79EFBC}") = "AgentUp.Server.Tests", "AgentUp.Server.Tests\AgentUp.Server.Tests.csproj", "{FF67AF61-1388-4079-93CE-BD1D614D9B9E}"
EndProject
Project("{FAE04EC0-301F-11D3-BF4B-00C04F79EFBC}") = "AgentUp.CLI", "AgentUp.CLI\AgentUp.CLI.csproj", "{92C64C6E-95D7-4587-B599-3BEF7D489626}"
EndProject
Project("{FAE04EC0-301F-11D3-BF4B-00C04F79EFBC}") = "AgentUp.CLI.Tests", "AgentUp.CLI.Tests\AgentUp.CLI.Tests.csproj", "{ED8E5086-2758-4BFB-8ABF-50CE5FDE6B7E}"
EndProject
Project("{FAE04EC0-301F-11D3-BF4B-00C04F79EFBC}") = "AgentUp.Desktop", "AgentUp.Desktop\AgentUp.Desktop.csproj", "{B796DF3E-DD1A-46B8-8F55-06261264E9CD}"
EndProject
Project("{FAE04EC0-301F-11D3-BF4B-00C04F79EFBC}") = "AgentUp.Tray", "AgentUp.Tray\AgentUp.Tray.csproj", "{A3F72C1D-5E8B-4A92-B6C4-9D8E3F21A457}"
EndProject
Project("{FAE04EC0-301F-11D3-BF4B-00C04F79EFBC}") = "AgentUp.Desktop.Tests", "AgentUp.Desktop.Tests\AgentUp.Desktop.Tests.csproj", "{F12C472F-6E12-450A-B4C5-452B5857E75C}"
EndProject
Project("{FAE04EC0-301F-11D3-BF4B-00C04F79EFBC}") = "AgentUp.Tests", "AgentUp.Tests\AgentUp.Tests.csproj", "{E559BFB6-C554-4B46-9CE1-AC58D03D849F}"
EndProject
Project("{FAE04EC0-301F-11D3-BF4B-00C04F79EFBC}") = "AgentUp.Installers", "AgentUp.Installers\AgentUp.Installers.csproj", "{2641D262-B06B-4944-A0DB-16494CC4FF9A}"
EndProject
Project("{FAE04EC0-301F-11D3-BF4B-00C04F79EFBC}") = "AgentUp.Installers.Tests", "AgentUp.Installers.Tests\AgentUp.Installers.Tests.csproj", "{49197ED9-22E5-48B8-8045-D8FE8568BA93}"
EndProject
Project("{FAE04EC0-301F-11D3-BF4B-00C04F79EFBC}") = "AgentUp.Packaging", "AgentUp.Packaging\AgentUp.Packaging.csproj", "{38202670-CBAF-4564-A572-CD0135C35E5E}"
EndProject
Project("{FAE04EC0-301F-11D3-BF4B-00C04F79EFBC}") = "AgentUp.Packaging.Tests", "AgentUp.Packaging.Tests\AgentUp.Packaging.Tests.csproj", "{5A46F8FA-674C-4A6D-B79A-2B9807C3A60B}"
EndProject
Project("{FAE04EC0-301F-11D3-BF4B-00C04F79EFBC}") = "AgentUp.PackageSmoke", "AgentUp.PackageSmoke\AgentUp.PackageSmoke.csproj", "{31C9D9B0-1741-4269-BA2F-7BAC5B1F2ECE}"
EndProject
Project("{FAE04EC0-301F-11D3-BF4B-00C04F79EFBC}") = "AgentUp.PackageSmoke.Tests", "AgentUp.PackageSmoke.Tests\AgentUp.PackageSmoke.Tests.csproj", "{A1ADF952-E7D3-4A74-8495-B7342FC621AB}"
EndProject
Project("{FAE04EC0-301F-11D3-BF4B-00C04F79EFBC}") = "AgentUp.InstallerApp", "AgentUp.InstallerApp\AgentUp.InstallerApp.csproj", "{81043306-F65D-4E80-9E96-D0964550F59F}"
EndProject
Project("{FAE04EC0-301F-11D3-BF4B-00C04F79EFBC}") = "AgentUp.InstallerApp.Tests", "AgentUp.InstallerApp.Tests\AgentUp.InstallerApp.Tests.csproj", "{CB5D799C-4497-4D92-A11E-E2D67604F937}"
EndProject
Project("{FAE04EC0-301F-11D3-BF4B-00C04F79EFBC}") = "AgentUp.Architecture.Tests", "AgentUp.Architecture.Tests\AgentUp.Architecture.Tests.csproj", "{3A4B5509-1D28-46A8-919A-2AF7B7C5DF5A}"
EndProject
Project("{2150E333-8FDC-42A3-9474-1A3956D46DE8}") = "AgentUp.Capabilities", "AgentUp.Capabilities", "{C88261EB-24F0-A736-6B7C-4E24EDC05114}"
EndProject
Project("{FAE04EC0-301F-11D3-BF4B-00C04F79EFBC}") = "AgentUp.Capabilities.Docker", "AgentUp.Capabilities.Docker\AgentUp.Capabilities.Docker.csproj", "{FE0B2257-8D19-426F-9CC5-A43F2659D274}"
EndProject
Project("{FAE04EC0-301F-11D3-BF4B-00C04F79EFBC}") = "AgentUp.Capabilities.Docker.Tests", "AgentUp.Capabilities.Docker.Tests\AgentUp.Capabilities.Docker.Tests.csproj", "{9067B395-DDEB-4E27-B705-167818D8D496}"
EndProject
Project("{FAE04EC0-301F-11D3-BF4B-00C04F79EFBC}") = "AgentUp.Capabilities.Abstractions.Tests", "AgentUp.Capabilities.Abstractions.Tests\AgentUp.Capabilities.Abstractions.Tests.csproj", "{2AD06D88-75DA-44AA-A512-DFC9F733C784}"
EndProject
Project("{FAE04EC0-301F-11D3-BF4B-00C04F79EFBC}") = "AgentUp.Capabilities.Common.Tests", "AgentUp.Capabilities.Common.Tests\AgentUp.Capabilities.Common.Tests.csproj", "{17DF832F-0D56-422D-945F-E79BD2F6151E}"
EndProject
Project("{FAE04EC0-301F-11D3-BF4B-00C04F79EFBC}") = "AgentUp.Capabilities.Abstractions", "AgentUp.Capabilities.Abstractions\AgentUp.Capabilities.Abstractions.csproj", "{2A248111-6AC1-4AA0-B493-BCFC16F5A01B}"
EndProject
Project("{FAE04EC0-301F-11D3-BF4B-00C04F79EFBC}") = "AgentUp.Capabilities.Common", "AgentUp.Capabilities.Common\AgentUp.Capabilities.Common.csproj", "{DDB65599-585C-4FF0-AD40-D0A29BE89FBB}"
EndProject
Project("{FAE04EC0-301F-11D3-BF4B-00C04F79EFBC}") = "AgentUp.Capabilities.Dotnet.Tests", "AgentUp.Capabilities.Dotnet.Tests\AgentUp.Capabilities.Dotnet.Tests.csproj", "{2BD67A5E-2F80-46F3-82D7-5898102AE2E0}"
EndProject
Project("{FAE04EC0-301F-11D3-BF4B-00C04F79EFBC}") = "AgentUp.Capabilities.Dotnet", "AgentUp.Capabilities.Dotnet\AgentUp.Capabilities.Dotnet.csproj", "{1CF8321C-8EB0-4622-97F0-1BA81FF55DE2}"
EndProject
Global
	GlobalSection(SolutionConfigurationPlatforms) = preSolution
		Debug|Any CPU = Debug|Any CPU
		Debug|x64 = Debug|x64
		Debug|x86 = Debug|x86
		Release|Any CPU = Release|Any CPU
		Release|x64 = Release|x64
		Release|x86 = Release|x86
	EndGlobalSection
	GlobalSection(ProjectConfigurationPlatforms) = postSolution
		{8A8955FB-D91D-4584-AD42-5D8BC843F558}.Debug|Any CPU.ActiveCfg = Debug|Any CPU
		{8A8955FB-D91D-4584-AD42-5D8BC843F558}.Debug|Any CPU.Build.0 = Debug|Any CPU
		{8A8955FB-D91D-4584-AD42-5D8BC843F558}.Debug|x64.ActiveCfg = Debug|Any CPU
		{8A8955FB-D91D-4584-AD42-5D8BC843F558}.Debug|x64.Build.0 = Debug|Any CPU
		{8A8955FB-D91D-4584-AD42-5D8BC843F558}.Debug|x86.ActiveCfg = Debug|Any CPU
		{8A8955FB-D91D-4584-AD42-5D8BC843F558}.Debug|x86.Build.0 = Debug|Any CPU
		{8A8955FB-D91D-4584-AD42-5D8BC843F558}.Release|Any CPU.ActiveCfg = Release|Any CPU
		{8A8955FB-D91D-4584-AD42-5D8BC843F558}.Release|Any CPU.Build.0 = Release|Any CPU
		{8A8955FB-D91D-4584-AD42-5D8BC843F558}.Release|x64.ActiveCfg = Release|Any CPU
		{8A8955FB-D91D-4584-AD42-5D8BC843F558}.Release|x64.Build.0 = Release|Any CPU
		{8A8955FB-D91D-4584-AD42-5D8BC843F558}.Release|x86.ActiveCfg = Release|Any CPU
		{8A8955FB-D91D-4584-AD42-5D8BC843F558}.Release|x86.Build.0 = Release|Any CPU
		{FF67AF61-1388-4079-93CE-BD1D614D9B9E}.Debug|Any CPU.ActiveCfg = Debug|Any CPU
		{FF67AF61-1388-4079-93CE-BD1D614D9B9E}.Debug|Any CPU.Build.0 = Debug|Any CPU
		{FF67AF61-1388-4079-93CE-BD1D614D9B9E}.Debug|x64.ActiveCfg = Debug|Any CPU
		{FF67AF61-1388-4079-93CE-BD1D614D9B9E}.Debug|x64.Build.0 = Debug|Any CPU
		{FF67AF61-1388-4079-93CE-BD1D614D9B9E}.Debug|x86.ActiveCfg = Debug|Any CPU
		{FF67AF61-1388-4079-93CE-BD1D614D9B9E}.Debug|x86.Build.0 = Debug|Any CPU
		{FF67AF61-1388-4079-93CE-BD1D614D9B9E}.Release|Any CPU.ActiveCfg = Release|Any CPU
		{FF67AF61-1388-4079-93CE-BD1D614D9B9E}.Release|Any CPU.Build.0 = Release|Any CPU
		{FF67AF61-1388-4079-93CE-BD1D614D9B9E}.Release|x64.ActiveCfg = Release|Any CPU
		{FF67AF61-1388-4079-93CE-BD1D614D9B9E}.Release|x64.Build.0 = Release|Any CPU
		{FF67AF61-1388-4079-93CE-BD1D614D9B9E}.Release|x86.ActiveCfg = Release|Any CPU
		{FF67AF61-1388-4079-93CE-BD1D614D9B9E}.Release|x86.Build.0 = Release|Any CPU
		{92C64C6E-95D7-4587-B599-3BEF7D489626}.Debug|Any CPU.ActiveCfg = Debug|Any CPU
		{92C64C6E-95D7-4587-B599-3BEF7D489626}.Debug|Any CPU.Build.0 = Debug|Any CPU
		{92C64C6E-95D7-4587-B599-3BEF7D489626}.Debug|x64.ActiveCfg = Debug|Any CPU
		{92C64C6E-95D7-4587-B599-3BEF7D489626}.Debug|x64.Build.0 = Debug|Any CPU
		{92C64C6E-95D7-4587-B599-3BEF7D489626}.Debug|x86.ActiveCfg = Debug|Any CPU
		{92C64C6E-95D7-4587-B599-3BEF7D489626}.Debug|x86.Build.0 = Debug|Any CPU
		{92C64C6E-95D7-4587-B599-3BEF7D489626}.Release|Any CPU.ActiveCfg = Release|Any CPU
		{92C64C6E-95D7-4587-B599-3BEF7D489626}.Release|Any CPU.Build.0 = Release|Any CPU
		{92C64C6E-95D7-4587-B599-3BEF7D489626}.Release|x64.ActiveCfg = Release|Any CPU
		{92C64C6E-95D7-4587-B599-3BEF7D489626}.Release|x64.Build.0 = Release|Any CPU
		{92C64C6E-95D7-4587-B599-3BEF7D489626}.Release|x86.ActiveCfg = Release|Any CPU
		{92C64C6E-95D7-4587-B599-3BEF7D489626}.Release|x86.Build.0 = Release|Any CPU
		{ED8E5086-2758-4BFB-8ABF-50CE5FDE6B7E}.Debug|Any CPU.ActiveCfg = Debug|Any CPU
		{ED8E5086-2758-4BFB-8ABF-50CE5FDE6B7E}.Debug|Any CPU.Build.0 = Debug|Any CPU
		{ED8E5086-2758-4BFB-8ABF-50CE5FDE6B7E}.Debug|x64.ActiveCfg = Debug|Any CPU
		{ED8E5086-2758-4BFB-8ABF-50CE5FDE6B7E}.Debug|x64.Build.0 = Debug|Any CPU
		{ED8E5086-2758-4BFB-8ABF-50CE5FDE6B7E}.Debug|x86.ActiveCfg = Debug|Any CPU
		{ED8E5086-2758-4BFB-8ABF-50CE5FDE6B7E}.Debug|x86.Build.0 = Debug|Any CPU
		{ED8E5086-2758-4BFB-8ABF-50CE5FDE6B7E}.Release|Any CPU.ActiveCfg = Release|Any CPU
		{ED8E5086-2758-4BFB-8ABF-50CE5FDE6B7E}.Release|Any CPU.Build.0 = Release|Any CPU
		{ED8E5086-2758-4BFB-8ABF-50CE5FDE6B7E}.Release|x64.ActiveCfg = Release|Any CPU
		{ED8E5086-2758-4BFB-8ABF-50CE5FDE6B7E}.Release|x64.Build.0 = Release|Any CPU
		{ED8E5086-2758-4BFB-8ABF-50CE5FDE6B7E}.Release|x86.ActiveCfg = Release|Any CPU
		{ED8E5086-2758-4BFB-8ABF-50CE5FDE6B7E}.Release|x86.Build.0 = Release|Any CPU
		{B796DF3E-DD1A-46B8-8F55-06261264E9CD}.Debug|Any CPU.ActiveCfg = Debug|Any CPU
		{B796DF3E-DD1A-46B8-8F55-06261264E9CD}.Debug|Any CPU.Build.0 = Debug|Any CPU
		{B796DF3E-DD1A-46B8-8F55-06261264E9CD}.Debug|x64.ActiveCfg = Debug|Any CPU
		{B796DF3E-DD1A-46B8-8F55-06261264E9CD}.Debug|x64.Build.0 = Debug|Any CPU
		{B796DF3E-DD1A-46B8-8F55-06261264E9CD}.Debug|x86.ActiveCfg = Debug|Any CPU
		{B796DF3E-DD1A-46B8-8F55-06261264E9CD}.Debug|x86.Build.0 = Debug|Any CPU
		{B796DF3E-DD1A-46B8-8F55-06261264E9CD}.Release|Any CPU.ActiveCfg = Release|Any CPU
		{B796DF3E-DD1A-46B8-8F55-06261264E9CD}.Release|Any CPU.Build.0 = Release|Any CPU
		{B796DF3E-DD1A-46B8-8F55-06261264E9CD}.Release|x64.ActiveCfg = Release|Any CPU
		{B796DF3E-DD1A-46B8-8F55-06261264E9CD}.Release|x64.Build.0 = Release|Any CPU
		{B796DF3E-DD1A-46B8-8F55-06261264E9CD}.Release|x86.ActiveCfg = Release|Any CPU
		{B796DF3E-DD1A-46B8-8F55-06261264E9CD}.Release|x86.Build.0 = Release|Any CPU
		{F12C472F-6E12-450A-B4C5-452B5857E75C}.Debug|Any CPU.ActiveCfg = Debug|Any CPU
		{F12C472F-6E12-450A-B4C5-452B5857E75C}.Debug|Any CPU.Build.0 = Debug|Any CPU
		{F12C472F-6E12-450A-B4C5-452B5857E75C}.Debug|x64.ActiveCfg = Debug|Any CPU
		{F12C472F-6E12-450A-B4C5-452B5857E75C}.Debug|x64.Build.0 = Debug|Any CPU
		{F12C472F-6E12-450A-B4C5-452B5857E75C}.Debug|x86.ActiveCfg = Debug|Any CPU
		{F12C472F-6E12-450A-B4C5-452B5857E75C}.Debug|x86.Build.0 = Debug|Any CPU
		{F12C472F-6E12-450A-B4C5-452B5857E75C}.Release|Any CPU.ActiveCfg = Release|Any CPU
		{F12C472F-6E12-450A-B4C5-452B5857E75C}.Release|Any CPU.Build.0 = Release|Any CPU
		{F12C472F-6E12-450A-B4C5-452B5857E75C}.Release|x64.ActiveCfg = Release|Any CPU
		{F12C472F-6E12-450A-B4C5-452B5857E75C}.Release|x64.Build.0 = Release|Any CPU
		{F12C472F-6E12-450A-B4C5-452B5857E75C}.Release|x86.ActiveCfg = Release|Any CPU
		{F12C472F-6E12-450A-B4C5-452B5857E75C}.Release|x86.Build.0 = Release|Any CPU
		{E559BFB6-C554-4B46-9CE1-AC58D03D849F}.Debug|Any CPU.ActiveCfg = Debug|Any CPU
		{E559BFB6-C554-4B46-9CE1-AC58D03D849F}.Debug|Any CPU.Build.0 = Debug|Any CPU
		{E559BFB6-C554-4B46-9CE1-AC58D03D849F}.Debug|x64.ActiveCfg = Debug|Any CPU
		{E559BFB6-C554-4B46-9CE1-AC58D03D849F}.Debug|x64.Build.0 = Debug|Any CPU
		{E559BFB6-C554-4B46-9CE1-AC58D03D849F}.Debug|x86.ActiveCfg = Debug|Any CPU
		{E559BFB6-C554-4B46-9CE1-AC58D03D849F}.Debug|x86.Build.0 = Debug|Any CPU
		{E559BFB6-C554-4B46-9CE1-AC58D03D849F}.Release|Any CPU.ActiveCfg = Release|Any CPU
		{E559BFB6-C554-4B46-9CE1-AC58D03D849F}.Release|Any CPU.Build.0 = Release|Any CPU
		{E559BFB6-C554-4B46-9CE1-AC58D03D849F}.Release|x64.ActiveCfg = Release|Any CPU
		{E559BFB6-C554-4B46-9CE1-AC58D03D849F}.Release|x64.Build.0 = Release|Any CPU
		{E559BFB6-C554-4B46-9CE1-AC58D03D849F}.Release|x86.ActiveCfg = Release|Any CPU
		{E559BFB6-C554-4B46-9CE1-AC58D03D849F}.Release|x86.Build.0 = Release|Any CPU
		{2641D262-B06B-4944-A0DB-16494CC4FF9A}.Debug|Any CPU.ActiveCfg = Debug|Any CPU
		{2641D262-B06B-4944-A0DB-16494CC4FF9A}.Debug|Any CPU.Build.0 = Debug|Any CPU
		{2641D262-B06B-4944-A0DB-16494CC4FF9A}.Debug|x64.ActiveCfg = Debug|Any CPU
		{2641D262-B06B-4944-A0DB-16494CC4FF9A}.Debug|x64.Build.0 = Debug|Any CPU
		{2641D262-B06B-4944-A0DB-16494CC4FF9A}.Debug|x86.ActiveCfg = Debug|Any CPU
		{2641D262-B06B-4944-A0DB-16494CC4FF9A}.Debug|x86.Build.0 = Debug|Any CPU
		{2641D262-B06B-4944-A0DB-16494CC4FF9A}.Release|Any CPU.ActiveCfg = Release|Any CPU
		{2641D262-B06B-4944-A0DB-16494CC4FF9A}.Release|Any CPU.Build.0 = Release|Any CPU
		{2641D262-B06B-4944-A0DB-16494CC4FF9A}.Release|x64.ActiveCfg = Release|Any CPU
		{2641D262-B06B-4944-A0DB-16494CC4FF9A}.Release|x64.Build.0 = Release|Any CPU
		{2641D262-B06B-4944-A0DB-16494CC4FF9A}.Release|x86.ActiveCfg = Release|Any CPU
		{2641D262-B06B-4944-A0DB-16494CC4FF9A}.Release|x86.Build.0 = Release|Any CPU
		{49197ED9-22E5-48B8-8045-D8FE8568BA93}.Debug|Any CPU.ActiveCfg = Debug|Any CPU
		{49197ED9-22E5-48B8-8045-D8FE8568BA93}.Debug|Any CPU.Build.0 = Debug|Any CPU
		{49197ED9-22E5-48B8-8045-D8FE8568BA93}.Debug|x64.ActiveCfg = Debug|Any CPU
		{49197ED9-22E5-48B8-8045-D8FE8568BA93}.Debug|x64.Build.0 = Debug|Any CPU
		{49197ED9-22E5-48B8-8045-D8FE8568BA93}.Debug|x86.ActiveCfg = Debug|Any CPU
		{49197ED9-22E5-48B8-8045-D8FE8568BA93}.Debug|x86.Build.0 = Debug|Any CPU
		{49197ED9-22E5-48B8-8045-D8FE8568BA93}.Release|Any CPU.ActiveCfg = Release|Any CPU
		{49197ED9-22E5-48B8-8045-D8FE8568BA93}.Release|Any CPU.Build.0 = Release|Any CPU
		{49197ED9-22E5-48B8-8045-D8FE8568BA93}.Release|x64.ActiveCfg = Release|Any CPU
		{49197ED9-22E5-48B8-8045-D8FE8568BA93}.Release|x64.Build.0 = Release|Any CPU
		{49197ED9-22E5-48B8-8045-D8FE8568BA93}.Release|x86.ActiveCfg = Release|Any CPU
		{49197ED9-22E5-48B8-8045-D8FE8568BA93}.Release|x86.Build.0 = Release|Any CPU
		{38202670-CBAF-4564-A572-CD0135C35E5E}.Debug|Any CPU.ActiveCfg = Debug|Any CPU
		{38202670-CBAF-4564-A572-CD0135C35E5E}.Debug|Any CPU.Build.0 = Debug|Any CPU
		{38202670-CBAF-4564-A572-CD0135C35E5E}.Debug|x64.ActiveCfg = Debug|Any CPU
		{38202670-CBAF-4564-A572-CD0135C35E5E}.Debug|x64.Build.0 = Debug|Any CPU
		{38202670-CBAF-4564-A572-CD0135C35E5E}.Debug|x86.ActiveCfg = Debug|Any CPU
		{38202670-CBAF-4564-A572-CD0135C35E5E}.Debug|x86.Build.0 = Debug|Any CPU
		{38202670-CBAF-4564-A572-CD0135C35E5E}.Release|Any CPU.ActiveCfg = Release|Any CPU
		{38202670-CBAF-4564-A572-CD0135C35E5E}.Release|Any CPU.Build.0 = Release|Any CPU
		{38202670-CBAF-4564-A572-CD0135C35E5E}.Release|x64.ActiveCfg = Release|Any CPU
		{38202670-CBAF-4564-A572-CD0135C35E5E}.Release|x64.Build.0 = Release|Any CPU
		{38202670-CBAF-4564-A572-CD0135C35E5E}.Release|x86.ActiveCfg = Release|Any CPU
		{38202670-CBAF-4564-A572-CD0135C35E5E}.Release|x86.Build.0 = Release|Any CPU
		{5A46F8FA-674C-4A6D-B79A-2B9807C3A60B}.Debug|Any CPU.ActiveCfg = Debug|Any CPU
		{5A46F8FA-674C-4A6D-B79A-2B9807C3A60B}.Debug|Any CPU.Build.0 = Debug|Any CPU
		{5A46F8FA-674C-4A6D-B79A-2B9807C3A60B}.Debug|x64.ActiveCfg = Debug|Any CPU
		{5A46F8FA-674C-4A6D-B79A-2B9807C3A60B}.Debug|x64.Build.0 = Debug|Any CPU
		{5A46F8FA-674C-4A6D-B79A-2B9807C3A60B}.Debug|x86.ActiveCfg = Debug|Any CPU
		{5A46F8FA-674C-4A6D-B79A-2B9807C3A60B}.Debug|x86.Build.0 = Debug|Any CPU
		{5A46F8FA-674C-4A6D-B79A-2B9807C3A60B}.Release|Any CPU.ActiveCfg = Release|Any CPU
		{5A46F8FA-674C-4A6D-B79A-2B9807C3A60B}.Release|Any CPU.Build.0 = Release|Any CPU
		{5A46F8FA-674C-4A6D-B79A-2B9807C3A60B}.Release|x64.ActiveCfg = Release|Any CPU
		{5A46F8FA-674C-4A6D-B79A-2B9807C3A60B}.Release|x64.Build.0 = Release|Any CPU
		{5A46F8FA-674C-4A6D-B79A-2B9807C3A60B}.Release|x86.ActiveCfg = Release|Any CPU
		{5A46F8FA-674C-4A6D-B79A-2B9807C3A60B}.Release|x86.Build.0 = Release|Any CPU
		{31C9D9B0-1741-4269-BA2F-7BAC5B1F2ECE}.Debug|Any CPU.ActiveCfg = Debug|Any CPU
		{31C9D9B0-1741-4269-BA2F-7BAC5B1F2ECE}.Debug|Any CPU.Build.0 = Debug|Any CPU
		{31C9D9B0-1741-4269-BA2F-7BAC5B1F2ECE}.Debug|x64.ActiveCfg = Debug|Any CPU
		{31C9D9B0-1741-4269-BA2F-7BAC5B1F2ECE}.Debug|x64.Build.0 = Debug|Any CPU
		{31C9D9B0-1741-4269-BA2F-7BAC5B1F2ECE}.Debug|x86.ActiveCfg = Debug|Any CPU
		{31C9D9B0-1741-4269-BA2F-7BAC5B1F2ECE}.Debug|x86.Build.0 = Debug|Any CPU
		{31C9D9B0-1741-4269-BA2F-7BAC5B1F2ECE}.Release|Any CPU.ActiveCfg = Release|Any CPU
		{31C9D9B0-1741-4269-BA2F-7BAC5B1F2ECE}.Release|Any CPU.Build.0 = Release|Any CPU
		{31C9D9B0-1741-4269-BA2F-7BAC5B1F2ECE}.Release|x64.ActiveCfg = Release|Any CPU
		{31C9D9B0-1741-4269-BA2F-7BAC5B1F2ECE}.Release|x64.Build.0 = Release|Any CPU
		{31C9D9B0-1741-4269-BA2F-7BAC5B1F2ECE}.Release|x86.ActiveCfg = Release|Any CPU
		{31C9D9B0-1741-4269-BA2F-7BAC5B1F2ECE}.Release|x86.Build.0 = Release|Any CPU
		{A1ADF952-E7D3-4A74-8495-B7342FC621AB}.Debug|Any CPU.ActiveCfg = Debug|Any CPU
		{A1ADF952-E7D3-4A74-8495-B7342FC621AB}.Debug|Any CPU.Build.0 = Debug|Any CPU
		{A1ADF952-E7D3-4A74-8495-B7342FC621AB}.Debug|x64.ActiveCfg = Debug|Any CPU
		{A1ADF952-E7D3-4A74-8495-B7342FC621AB}.Debug|x64.Build.0 = Debug|Any CPU
		{A1ADF952-E7D3-4A74-8495-B7342FC621AB}.Debug|x86.ActiveCfg = Debug|Any CPU
		{A1ADF952-E7D3-4A74-8495-B7342FC621AB}.Debug|x86.Build.0 = Debug|Any CPU
		{A1ADF952-E7D3-4A74-8495-B7342FC621AB}.Release|Any CPU.ActiveCfg = Release|Any CPU
		{A1ADF952-E7D3-4A74-8495-B7342FC621AB}.Release|Any CPU.Build.0 = Release|Any CPU
		{A1ADF952-E7D3-4A74-8495-B7342FC621AB}.Release|x64.ActiveCfg = Release|Any CPU
		{A1ADF952-E7D3-4A74-8495-B7342FC621AB}.Release|x64.Build.0 = Release|Any CPU
		{A1ADF952-E7D3-4A74-8495-B7342FC621AB}.Release|x86.ActiveCfg = Release|Any CPU
		{A1ADF952-E7D3-4A74-8495-B7342FC621AB}.Release|x86.Build.0 = Release|Any CPU
		{81043306-F65D-4E80-9E96-D0964550F59F}.Debug|Any CPU.ActiveCfg = Debug|Any CPU
		{81043306-F65D-4E80-9E96-D0964550F59F}.Debug|Any CPU.Build.0 = Debug|Any CPU
		{81043306-F65D-4E80-9E96-D0964550F59F}.Debug|x64.ActiveCfg = Debug|Any CPU
		{81043306-F65D-4E80-9E96-D0964550F59F}.Debug|x64.Build.0 = Debug|Any CPU
		{81043306-F65D-4E80-9E96-D0964550F59F}.Debug|x86.ActiveCfg = Debug|Any CPU
		{81043306-F65D-4E80-9E96-D0964550F59F}.Debug|x86.Build.0 = Debug|Any CPU
		{81043306-F65D-4E80-9E96-D0964550F59F}.Release|Any CPU.ActiveCfg = Release|Any CPU
		{81043306-F65D-4E80-9E96-D0964550F59F}.Release|Any CPU.Build.0 = Release|Any CPU
		{81043306-F65D-4E80-9E96-D0964550F59F}.Release|x64.ActiveCfg = Release|Any CPU
		{81043306-F65D-4E80-9E96-D0964550F59F}.Release|x64.Build.0 = Release|Any CPU
		{81043306-F65D-4E80-9E96-D0964550F59F}.Release|x86.ActiveCfg = Release|Any CPU
		{81043306-F65D-4E80-9E96-D0964550F59F}.Release|x86.Build.0 = Release|Any CPU
		{CB5D799C-4497-4D92-A11E-E2D67604F937}.Debug|Any CPU.ActiveCfg = Debug|Any CPU
		{CB5D799C-4497-4D92-A11E-E2D67604F937}.Debug|Any CPU.Build.0 = Debug|Any CPU
		{CB5D799C-4497-4D92-A11E-E2D67604F937}.Debug|x64.ActiveCfg = Debug|Any CPU
		{CB5D799C-4497-4D92-A11E-E2D67604F937}.Debug|x64.Build.0 = Debug|Any CPU
		{CB5D799C-4497-4D92-A11E-E2D67604F937}.Debug|x86.ActiveCfg = Debug|Any CPU
		{CB5D799C-4497-4D92-A11E-E2D67604F937}.Debug|x86.Build.0 = Debug|Any CPU
		{CB5D799C-4497-4D92-A11E-E2D67604F937}.Release|Any CPU.ActiveCfg = Release|Any CPU
		{CB5D799C-4497-4D92-A11E-E2D67604F937}.Release|Any CPU.Build.0 = Release|Any CPU
		{CB5D799C-4497-4D92-A11E-E2D67604F937}.Release|x64.ActiveCfg = Release|Any CPU
		{CB5D799C-4497-4D92-A11E-E2D67604F937}.Release|x64.Build.0 = Release|Any CPU
		{CB5D799C-4497-4D92-A11E-E2D67604F937}.Release|x86.ActiveCfg = Release|Any CPU
		{CB5D799C-4497-4D92-A11E-E2D67604F937}.Release|x86.Build.0 = Release|Any CPU
		{3A4B5509-1D28-46A8-919A-2AF7B7C5DF5A}.Debug|Any CPU.ActiveCfg = Debug|Any CPU
		{3A4B5509-1D28-46A8-919A-2AF7B7C5DF5A}.Debug|Any CPU.Build.0 = Debug|Any CPU
		{3A4B5509-1D28-46A8-919A-2AF7B7C5DF5A}.Debug|x64.ActiveCfg = Debug|Any CPU
		{3A4B5509-1D28-46A8-919A-2AF7B7C5DF5A}.Debug|x64.Build.0 = Debug|Any CPU
		{3A4B5509-1D28-46A8-919A-2AF7B7C5DF5A}.Debug|x86.ActiveCfg = Debug|Any CPU
		{3A4B5509-1D28-46A8-919A-2AF7B7C5DF5A}.Debug|x86.Build.0 = Debug|Any CPU
		{3A4B5509-1D28-46A8-919A-2AF7B7C5DF5A}.Release|Any CPU.ActiveCfg = Release|Any CPU
		{3A4B5509-1D28-46A8-919A-2AF7B7C5DF5A}.Release|Any CPU.Build.0 = Release|Any CPU
		{3A4B5509-1D28-46A8-919A-2AF7B7C5DF5A}.Release|x64.ActiveCfg = Release|Any CPU
		{3A4B5509-1D28-46A8-919A-2AF7B7C5DF5A}.Release|x64.Build.0 = Release|Any CPU
		{3A4B5509-1D28-46A8-919A-2AF7B7C5DF5A}.Release|x86.ActiveCfg = Release|Any CPU
		{3A4B5509-1D28-46A8-919A-2AF7B7C5DF5A}.Release|x86.Build.0 = Release|Any CPU
		{FE0B2257-8D19-426F-9CC5-A43F2659D274}.Debug|Any CPU.ActiveCfg = Debug|Any CPU
		{FE0B2257-8D19-426F-9CC5-A43F2659D274}.Debug|Any CPU.Build.0 = Debug|Any CPU
		{FE0B2257-8D19-426F-9CC5-A43F2659D274}.Debug|x64.ActiveCfg = Debug|Any CPU
		{FE0B2257-8D19-426F-9CC5-A43F2659D274}.Debug|x64.Build.0 = Debug|Any CPU
		{FE0B2257-8D19-426F-9CC5-A43F2659D274}.Debug|x86.ActiveCfg = Debug|Any CPU
		{FE0B2257-8D19-426F-9CC5-A43F2659D274}.Debug|x86.Build.0 = Debug|Any CPU
		{FE0B2257-8D19-426F-9CC5-A43F2659D274}.Release|Any CPU.ActiveCfg = Release|Any CPU
		{FE0B2257-8D19-426F-9CC5-A43F2659D274}.Release|Any CPU.Build.0 = Release|Any CPU
		{FE0B2257-8D19-426F-9CC5-A43F2659D274}.Release|x64.ActiveCfg = Release|Any CPU
		{FE0B2257-8D19-426F-9CC5-A43F2659D274}.Release|x64.Build.0 = Release|Any CPU
		{FE0B2257-8D19-426F-9CC5-A43F2659D274}.Release|x86.ActiveCfg = Release|Any CPU
		{FE0B2257-8D19-426F-9CC5-A43F2659D274}.Release|x86.Build.0 = Release|Any CPU
		{9067B395-DDEB-4E27-B705-167818D8D496}.Debug|Any CPU.ActiveCfg = Debug|Any CPU
		{9067B395-DDEB-4E27-B705-167818D8D496}.Debug|Any CPU.Build.0 = Debug|Any CPU
		{9067B395-DDEB-4E27-B705-167818D8D496}.Debug|x64.ActiveCfg = Debug|Any CPU
		{9067B395-DDEB-4E27-B705-167818D8D496}.Debug|x64.Build.0 = Debug|Any CPU
		{9067B395-DDEB-4E27-B705-167818D8D496}.Debug|x86.ActiveCfg = Debug|Any CPU
		{9067B395-DDEB-4E27-B705-167818D8D496}.Debug|x86.Build.0 = Debug|Any CPU
		{9067B395-DDEB-4E27-B705-167818D8D496}.Release|Any CPU.ActiveCfg = Release|Any CPU
		{9067B395-DDEB-4E27-B705-167818D8D496}.Release|Any CPU.Build.0 = Release|Any CPU
		{9067B395-DDEB-4E27-B705-167818D8D496}.Release|x64.ActiveCfg = Release|Any CPU
		{9067B395-DDEB-4E27-B705-167818D8D496}.Release|x64.Build.0 = Release|Any CPU
		{9067B395-DDEB-4E27-B705-167818D8D496}.Release|x86.ActiveCfg = Release|Any CPU
		{9067B395-DDEB-4E27-B705-167818D8D496}.Release|x86.Build.0 = Release|Any CPU
		{2AD06D88-75DA-44AA-A512-DFC9F733C784}.Debug|Any CPU.ActiveCfg = Debug|Any CPU
		{2AD06D88-75DA-44AA-A512-DFC9F733C784}.Debug|Any CPU.Build.0 = Debug|Any CPU
		{2AD06D88-75DA-44AA-A512-DFC9F733C784}.Debug|x64.ActiveCfg = Debug|Any CPU
		{2AD06D88-75DA-44AA-A512-DFC9F733C784}.Debug|x64.Build.0 = Debug|Any CPU
		{2AD06D88-75DA-44AA-A512-DFC9F733C784}.Debug|x86.ActiveCfg = Debug|Any CPU
		{2AD06D88-75DA-44AA-A512-DFC9F733C784}.Debug|x86.Build.0 = Debug|Any CPU
		{2AD06D88-75DA-44AA-A512-DFC9F733C784}.Release|Any CPU.ActiveCfg = Release|Any CPU
		{2AD06D88-75DA-44AA-A512-DFC9F733C784}.Release|Any CPU.Build.0 = Release|Any CPU
		{2AD06D88-75DA-44AA-A512-DFC9F733C784}.Release|x64.ActiveCfg = Release|Any CPU
		{2AD06D88-75DA-44AA-A512-DFC9F733C784}.Release|x64.Build.0 = Release|Any CPU
		{2AD06D88-75DA-44AA-A512-DFC9F733C784}.Release|x86.ActiveCfg = Release|Any CPU
		{2AD06D88-75DA-44AA-A512-DFC9F733C784}.Release|x86.Build.0 = Release|Any CPU
		{17DF832F-0D56-422D-945F-E79BD2F6151E}.Debug|Any CPU.ActiveCfg = Debug|Any CPU
		{17DF832F-0D56-422D-945F-E79BD2F6151E}.Debug|Any CPU.Build.0 = Debug|Any CPU
		{17DF832F-0D56-422D-945F-E79BD2F6151E}.Debug|x64.ActiveCfg = Debug|Any CPU
		{17DF832F-0D56-422D-945F-E79BD2F6151E}.Debug|x64.Build.0 = Debug|Any CPU
		{17DF832F-0D56-422D-945F-E79BD2F6151E}.Debug|x86.ActiveCfg = Debug|Any CPU
		{17DF832F-0D56-422D-945F-E79BD2F6151E}.Debug|x86.Build.0 = Debug|Any CPU
		{17DF832F-0D56-422D-945F-E79BD2F6151E}.Release|Any CPU.ActiveCfg = Release|Any CPU
		{17DF832F-0D56-422D-945F-E79BD2F6151E}.Release|Any CPU.Build.0 = Release|Any CPU
		{17DF832F-0D56-422D-945F-E79BD2F6151E}.Release|x64.ActiveCfg = Release|Any CPU
		{17DF832F-0D56-422D-945F-E79BD2F6151E}.Release|x64.Build.0 = Release|Any CPU
		{17DF832F-0D56-422D-945F-E79BD2F6151E}.Release|x86.ActiveCfg = Release|Any CPU
		{17DF832F-0D56-422D-945F-E79BD2F6151E}.Release|x86.Build.0 = Release|Any CPU
		{2A248111-6AC1-4AA0-B493-BCFC16F5A01B}.Debug|Any CPU.ActiveCfg = Debug|Any CPU
		{2A248111-6AC1-4AA0-B493-BCFC16F5A01B}.Debug|Any CPU.Build.0 = Debug|Any CPU
		{2A248111-6AC1-4AA0-B493-BCFC16F5A01B}.Debug|x64.ActiveCfg = Debug|Any CPU
		{2A248111-6AC1-4AA0-B493-BCFC16F5A01B}.Debug|x64.Build.0 = Debug|Any CPU
		{2A248111-6AC1-4AA0-B493-BCFC16F5A01B}.Debug|x86.ActiveCfg = Debug|Any CPU
		{2A248111-6AC1-4AA0-B493-BCFC16F5A01B}.Debug|x86.Build.0 = Debug|Any CPU
		{2A248111-6AC1-4AA0-B493-BCFC16F5A01B}.Release|Any CPU.ActiveCfg = Release|Any CPU
		{2A248111-6AC1-4AA0-B493-BCFC16F5A01B}.Release|Any CPU.Build.0 = Release|Any CPU
		{2A248111-6AC1-4AA0-B493-BCFC16F5A01B}.Release|x64.ActiveCfg = Release|Any CPU
		{2A248111-6AC1-4AA0-B493-BCFC16F5A01B}.Release|x64.Build.0 = Release|Any CPU
		{2A248111-6AC1-4AA0-B493-BCFC16F5A01B}.Release|x86.ActiveCfg = Release|Any CPU
		{2A248111-6AC1-4AA0-B493-BCFC16F5A01B}.Release|x86.Build.0 = Release|Any CPU
		{DDB65599-585C-4FF0-AD40-D0A29BE89FBB}.Debug|Any CPU.ActiveCfg = Debug|Any CPU
		{DDB65599-585C-4FF0-AD40-D0A29BE89FBB}.Debug|Any CPU.Build.0 = Debug|Any CPU
		{DDB65599-585C-4FF0-AD40-D0A29BE89FBB}.Debug|x64.ActiveCfg = Debug|Any CPU
		{DDB65599-585C-4FF0-AD40-D0A29BE89FBB}.Debug|x64.Build.0 = Debug|Any CPU
		{DDB65599-585C-4FF0-AD40-D0A29BE89FBB}.Debug|x86.ActiveCfg = Debug|Any CPU
		{DDB65599-585C-4FF0-AD40-D0A29BE89FBB}.Debug|x86.Build.0 = Debug|Any CPU
		{DDB65599-585C-4FF0-AD40-D0A29BE89FBB}.Release|Any CPU.ActiveCfg = Release|Any CPU
		{DDB65599-585C-4FF0-AD40-D0A29BE89FBB}.Release|Any CPU.Build.0 = Release|Any CPU
		{DDB65599-585C-4FF0-AD40-D0A29BE89FBB}.Release|x64.ActiveCfg = Release|Any CPU
		{DDB65599-585C-4FF0-AD40-D0A29BE89FBB}.Release|x64.Build.0 = Release|Any CPU
		{DDB65599-585C-4FF0-AD40-D0A29BE89FBB}.Release|x86.ActiveCfg = Release|Any CPU
		{DDB65599-585C-4FF0-AD40-D0A29BE89FBB}.Release|x86.Build.0 = Release|Any CPU
		{2BD67A5E-2F80-46F3-82D7-5898102AE2E0}.Debug|Any CPU.ActiveCfg = Debug|Any CPU
		{2BD67A5E-2F80-46F3-82D7-5898102AE2E0}.Debug|Any CPU.Build.0 = Debug|Any CPU
		{2BD67A5E-2F80-46F3-82D7-5898102AE2E0}.Debug|x64.ActiveCfg = Debug|Any CPU
		{2BD67A5E-2F80-46F3-82D7-5898102AE2E0}.Debug|x64.Build.0 = Debug|Any CPU
		{2BD67A5E-2F80-46F3-82D7-5898102AE2E0}.Debug|x86.ActiveCfg = Debug|Any CPU
		{2BD67A5E-2F80-46F3-82D7-5898102AE2E0}.Debug|x86.Build.0 = Debug|Any CPU
		{2BD67A5E-2F80-46F3-82D7-5898102AE2E0}.Release|Any CPU.ActiveCfg = Release|Any CPU
		{2BD67A5E-2F80-46F3-82D7-5898102AE2E0}.Release|Any CPU.Build.0 = Release|Any CPU
		{2BD67A5E-2F80-46F3-82D7-5898102AE2E0}.Release|x64.ActiveCfg = Release|Any CPU
		{2BD67A5E-2F80-46F3-82D7-5898102AE2E0}.Release|x64.Build.0 = Release|Any CPU
		{2BD67A5E-2F80-46F3-82D7-5898102AE2E0}.Release|x86.ActiveCfg = Release|Any CPU
		{2BD67A5E-2F80-46F3-82D7-5898102AE2E0}.Release|x86.Build.0 = Release|Any CPU
		{1CF8321C-8EB0-4622-97F0-1BA81FF55DE2}.Debug|Any CPU.ActiveCfg = Debug|Any CPU
		{1CF8321C-8EB0-4622-97F0-1BA81FF55DE2}.Debug|Any CPU.Build.0 = Debug|Any CPU
		{1CF8321C-8EB0-4622-97F0-1BA81FF55DE2}.Debug|x64.ActiveCfg = Debug|Any CPU
		{1CF8321C-8EB0-4622-97F0-1BA81FF55DE2}.Debug|x64.Build.0 = Debug|Any CPU
		{1CF8321C-8EB0-4622-97F0-1BA81FF55DE2}.Debug|x86.ActiveCfg = Debug|Any CPU
		{1CF8321C-8EB0-4622-97F0-1BA81FF55DE2}.Debug|x86.Build.0 = Debug|Any CPU
		{1CF8321C-8EB0-4622-97F0-1BA81FF55DE2}.Release|Any CPU.ActiveCfg = Release|Any CPU
		{1CF8321C-8EB0-4622-97F0-1BA81FF55DE2}.Release|Any CPU.Build.0 = Release|Any CPU
		{1CF8321C-8EB0-4622-97F0-1BA81FF55DE2}.Release|x64.ActiveCfg = Release|Any CPU
		{1CF8321C-8EB0-4622-97F0-1BA81FF55DE2}.Release|x64.Build.0 = Release|Any CPU
		{1CF8321C-8EB0-4622-97F0-1BA81FF55DE2}.Release|x86.ActiveCfg = Release|Any CPU
		{1CF8321C-8EB0-4622-97F0-1BA81FF55DE2}.Release|x86.Build.0 = Release|Any CPU
		{A3F72C1D-5E8B-4A92-B6C4-9D8E3F21A457}.Debug|Any CPU.ActiveCfg = Debug|Any CPU
		{A3F72C1D-5E8B-4A92-B6C4-9D8E3F21A457}.Debug|Any CPU.Build.0 = Debug|Any CPU
		{A3F72C1D-5E8B-4A92-B6C4-9D8E3F21A457}.Debug|x64.ActiveCfg = Debug|Any CPU
		{A3F72C1D-5E8B-4A92-B6C4-9D8E3F21A457}.Debug|x64.Build.0 = Debug|Any CPU
		{A3F72C1D-5E8B-4A92-B6C4-9D8E3F21A457}.Debug|x86.ActiveCfg = Debug|Any CPU
		{A3F72C1D-5E8B-4A92-B6C4-9D8E3F21A457}.Debug|x86.Build.0 = Debug|Any CPU
		{A3F72C1D-5E8B-4A92-B6C4-9D8E3F21A457}.Release|Any CPU.ActiveCfg = Release|Any CPU
		{A3F72C1D-5E8B-4A92-B6C4-9D8E3F21A457}.Release|Any CPU.Build.0 = Release|Any CPU
		{A3F72C1D-5E8B-4A92-B6C4-9D8E3F21A457}.Release|x64.ActiveCfg = Release|Any CPU
		{A3F72C1D-5E8B-4A92-B6C4-9D8E3F21A457}.Release|x64.Build.0 = Release|Any CPU
		{A3F72C1D-5E8B-4A92-B6C4-9D8E3F21A457}.Release|x86.ActiveCfg = Release|Any CPU
		{A3F72C1D-5E8B-4A92-B6C4-9D8E3F21A457}.Release|x86.Build.0 = Release|Any CPU
	EndGlobalSection
	GlobalSection(SolutionProperties) = preSolution
		HideSolutionNode = FALSE
	EndGlobalSection
	GlobalSection(NestedProjects) = preSolution
		{FE0B2257-8D19-426F-9CC5-A43F2659D274} = {C88261EB-24F0-A736-6B7C-4E24EDC05114}
		{9067B395-DDEB-4E27-B705-167818D8D496} = {C88261EB-24F0-A736-6B7C-4E24EDC05114}
		{2AD06D88-75DA-44AA-A512-DFC9F733C784} = {C88261EB-24F0-A736-6B7C-4E24EDC05114}
		{17DF832F-0D56-422D-945F-E79BD2F6151E} = {C88261EB-24F0-A736-6B7C-4E24EDC05114}
		{2A248111-6AC1-4AA0-B493-BCFC16F5A01B} = {C88261EB-24F0-A736-6B7C-4E24EDC05114}
		{DDB65599-585C-4FF0-AD40-D0A29BE89FBB} = {C88261EB-24F0-A736-6B7C-4E24EDC05114}
		{2BD67A5E-2F80-46F3-82D7-5898102AE2E0} = {C88261EB-24F0-A736-6B7C-4E24EDC05114}
		{1CF8321C-8EB0-4622-97F0-1BA81FF55DE2} = {C88261EB-24F0-A736-6B7C-4E24EDC05114}
	EndGlobalSection
EndGlobal
