
Microsoft Visual Studio Solution File, Format Version 12.00
# Visual Studio Version 17
VisualStudioVersion = 17.0.31903.59
MinimumVisualStudioVersion = 10.0.40219.1
Project("{FAE04EC0-301F-11D3-BF4B-00C04F79EFBC}") = "LocalInstaller.Sample.Cli", "LocalInstaller.Sample.Cli\LocalInstaller.Sample.Cli.csproj", "{3D512A6C-2A94-43F3-9F17-B06A8B95B8D8}"
EndProject
Project("{FAE04EC0-301F-11D3-BF4B-00C04F79EFBC}") = "LocalInstaller.Sample.Server", "LocalInstaller.Sample.Server\LocalInstaller.Sample.Server.csproj", "{962CF3DF-BB85-469A-A17C-DDFACE3A0B79}"
EndProject
Project("{FAE04EC0-301F-11D3-BF4B-00C04F79EFBC}") = "LocalInstaller.Sample.Desktop", "LocalInstaller.Sample.Desktop\LocalInstaller.Sample.Desktop.csproj", "{DA8934B9-15D8-4AEF-870A-1FD175A49A8F}"
EndProject
Project("{FAE04EC0-301F-11D3-BF4B-00C04F79EFBC}") = "LocalInstaller.Sample.Tray", "LocalInstaller.Sample.Tray\LocalInstaller.Sample.Tray.csproj", "{284A4825-0CF8-42DD-92E2-1F826388E6F3}"
EndProject
Project("{FAE04EC0-301F-11D3-BF4B-00C04F79EFBC}") = "LocalInstaller.Sample.Packager", "LocalInstaller.Sample.Packager\LocalInstaller.Sample.Packager.csproj", "{48892D01-39E8-4BDB-A9D7-234BAA36D435}"
EndProject
Project("{FAE04EC0-301F-11D3-BF4B-00C04F79EFBC}") = "LocalInstaller.Sample.Smoke", "LocalInstaller.Sample.Smoke\LocalInstaller.Sample.Smoke.csproj", "{C2D7C7C5-8403-4536-B93D-DBC1FD963A7C}"
EndProject
Project("{FAE04EC0-301F-11D3-BF4B-00C04F79EFBC}") = "LocalInstaller.Sample.InstallerApp", "LocalInstaller.Sample.InstallerApp\LocalInstaller.Sample.InstallerApp.csproj", "{7038F38F-0666-4B8C-BA53-B0C242B60361}"
EndProject
Project("{FAE04EC0-301F-11D3-BF4B-00C04F79EFBC}") = "LocalInstaller.Core", "LocalInstaller.Core\LocalInstaller.Core.csproj", "{E5FE0F7A-B8A0-4BF8-A8CB-FEE1852D230D}"
EndProject
Project("{FAE04EC0-301F-11D3-BF4B-00C04F79EFBC}") = "LocalInstaller.App", "LocalInstaller.App\LocalInstaller.App.csproj", "{F7FB5D92-43E3-4C83-BADD-9A5E03E5B547}"
EndProject
Project("{FAE04EC0-301F-11D3-BF4B-00C04F79EFBC}") = "LocalInstaller.Packaging", "LocalInstaller.Packaging\LocalInstaller.Packaging.csproj", "{3DA4F2BB-38AA-43D1-BE57-F792D7228806}"
EndProject
Project("{FAE04EC0-301F-11D3-BF4B-00C04F79EFBC}") = "LocalInstaller.Smoke", "LocalInstaller.Smoke\LocalInstaller.Smoke.csproj", "{C8BE1A14-352A-451C-A730-920070D4BD29}"
EndProject
Project("{FAE04EC0-301F-11D3-BF4B-00C04F79EFBC}") = "LocalInstaller.Core.Tests", "LocalInstaller.Core.Tests\LocalInstaller.Core.Tests.csproj", "{651B7A1D-2863-48F1-8939-6E2732DB2F73}"
EndProject
Project("{FAE04EC0-301F-11D3-BF4B-00C04F79EFBC}") = "LocalInstaller.App.Tests", "LocalInstaller.App.Tests\LocalInstaller.App.Tests.csproj", "{9B7DC52A-21DB-4BEC-97DE-ED16C9E8B4B6}"
EndProject
Project("{FAE04EC0-301F-11D3-BF4B-00C04F79EFBC}") = "LocalInstaller.Packaging.Tests", "LocalInstaller.Packaging.Tests\LocalInstaller.Packaging.Tests.csproj", "{05D17DAE-2F13-40BC-BF72-C0E00144DC76}"
EndProject
Project("{FAE04EC0-301F-11D3-BF4B-00C04F79EFBC}") = "LocalInstaller.Smoke.Tests", "LocalInstaller.Smoke.Tests\LocalInstaller.Smoke.Tests.csproj", "{2F71FFA4-D189-48C7-B7E1-00293F61A723}"
EndProject
Project("{FAE04EC0-301F-11D3-BF4B-00C04F79EFBC}") = "LocalInstaller.Sample.Shared", "LocalInstaller.Sample.Shared\LocalInstaller.Sample.Shared.csproj", "{18258369-7063-497E-932B-3F7AC8BFE851}"
EndProject
Global
	GlobalSection(SolutionConfigurationPlatforms) = preSolution
		Debug|Any CPU = Debug|Any CPU
		Debug|x64 = Debug|x64
		Debug|x86 = Debug|x86
		Release|Any CPU = Release|Any CPU
		Release|x64 = Release|x64
		Release|x86 = Release|x86
	EndGlobalSection
	GlobalSection(ProjectConfigurationPlatforms) = postSolution
		{3D512A6C-2A94-43F3-9F17-B06A8B95B8D8}.Debug|Any CPU.ActiveCfg = Debug|Any CPU
		{3D512A6C-2A94-43F3-9F17-B06A8B95B8D8}.Debug|Any CPU.Build.0 = Debug|Any CPU
		{3D512A6C-2A94-43F3-9F17-B06A8B95B8D8}.Debug|x64.ActiveCfg = Debug|Any CPU
		{3D512A6C-2A94-43F3-9F17-B06A8B95B8D8}.Debug|x64.Build.0 = Debug|Any CPU
		{3D512A6C-2A94-43F3-9F17-B06A8B95B8D8}.Debug|x86.ActiveCfg = Debug|Any CPU
		{3D512A6C-2A94-43F3-9F17-B06A8B95B8D8}.Debug|x86.Build.0 = Debug|Any CPU
		{3D512A6C-2A94-43F3-9F17-B06A8B95B8D8}.Release|Any CPU.ActiveCfg = Release|Any CPU
		{3D512A6C-2A94-43F3-9F17-B06A8B95B8D8}.Release|Any CPU.Build.0 = Release|Any CPU
		{3D512A6C-2A94-43F3-9F17-B06A8B95B8D8}.Release|x64.ActiveCfg = Release|Any CPU
		{3D512A6C-2A94-43F3-9F17-B06A8B95B8D8}.Release|x64.Build.0 = Release|Any CPU
		{3D512A6C-2A94-43F3-9F17-B06A8B95B8D8}.Release|x86.ActiveCfg = Release|Any CPU
		{3D512A6C-2A94-43F3-9F17-B06A8B95B8D8}.Release|x86.Build.0 = Release|Any CPU
		{962CF3DF-BB85-469A-A17C-DDFACE3A0B79}.Debug|Any CPU.ActiveCfg = Debug|Any CPU
		{962CF3DF-BB85-469A-A17C-DDFACE3A0B79}.Debug|Any CPU.Build.0 = Debug|Any CPU
		{962CF3DF-BB85-469A-A17C-DDFACE3A0B79}.Debug|x64.ActiveCfg = Debug|Any CPU
		{962CF3DF-BB85-469A-A17C-DDFACE3A0B79}.Debug|x64.Build.0 = Debug|Any CPU
		{962CF3DF-BB85-469A-A17C-DDFACE3A0B79}.Debug|x86.ActiveCfg = Debug|Any CPU
		{962CF3DF-BB85-469A-A17C-DDFACE3A0B79}.Debug|x86.Build.0 = Debug|Any CPU
		{962CF3DF-BB85-469A-A17C-DDFACE3A0B79}.Release|Any CPU.ActiveCfg = Release|Any CPU
		{962CF3DF-BB85-469A-A17C-DDFACE3A0B79}.Release|Any CPU.Build.0 = Release|Any CPU
		{962CF3DF-BB85-469A-A17C-DDFACE3A0B79}.Release|x64.ActiveCfg = Release|Any CPU
		{962CF3DF-BB85-469A-A17C-DDFACE3A0B79}.Release|x64.Build.0 = Release|Any CPU
		{962CF3DF-BB85-469A-A17C-DDFACE3A0B79}.Release|x86.ActiveCfg = Release|Any CPU
		{962CF3DF-BB85-469A-A17C-DDFACE3A0B79}.Release|x86.Build.0 = Release|Any CPU
		{DA8934B9-15D8-4AEF-870A-1FD175A49A8F}.Debug|Any CPU.ActiveCfg = Debug|Any CPU
		{DA8934B9-15D8-4AEF-870A-1FD175A49A8F}.Debug|Any CPU.Build.0 = Debug|Any CPU
		{DA8934B9-15D8-4AEF-870A-1FD175A49A8F}.Debug|x64.ActiveCfg = Debug|Any CPU
		{DA8934B9-15D8-4AEF-870A-1FD175A49A8F}.Debug|x64.Build.0 = Debug|Any CPU
		{DA8934B9-15D8-4AEF-870A-1FD175A49A8F}.Debug|x86.ActiveCfg = Debug|Any CPU
		{DA8934B9-15D8-4AEF-870A-1FD175A49A8F}.Debug|x86.Build.0 = Debug|Any CPU
		{DA8934B9-15D8-4AEF-870A-1FD175A49A8F}.Release|Any CPU.ActiveCfg = Release|Any CPU
		{DA8934B9-15D8-4AEF-870A-1FD175A49A8F}.Release|Any CPU.Build.0 = Release|Any CPU
		{DA8934B9-15D8-4AEF-870A-1FD175A49A8F}.Release|x64.ActiveCfg = Release|Any CPU
		{DA8934B9-15D8-4AEF-870A-1FD175A49A8F}.Release|x64.Build.0 = Release|Any CPU
		{DA8934B9-15D8-4AEF-870A-1FD175A49A8F}.Release|x86.ActiveCfg = Release|Any CPU
		{DA8934B9-15D8-4AEF-870A-1FD175A49A8F}.Release|x86.Build.0 = Release|Any CPU
		{284A4825-0CF8-42DD-92E2-1F826388E6F3}.Debug|Any CPU.ActiveCfg = Debug|Any CPU
		{284A4825-0CF8-42DD-92E2-1F826388E6F3}.Debug|Any CPU.Build.0 = Debug|Any CPU
		{284A4825-0CF8-42DD-92E2-1F826388E6F3}.Debug|x64.ActiveCfg = Debug|Any CPU
		{284A4825-0CF8-42DD-92E2-1F826388E6F3}.Debug|x64.Build.0 = Debug|Any CPU
		{284A4825-0CF8-42DD-92E2-1F826388E6F3}.Debug|x86.ActiveCfg = Debug|Any CPU
		{284A4825-0CF8-42DD-92E2-1F826388E6F3}.Debug|x86.Build.0 = Debug|Any CPU
		{284A4825-0CF8-42DD-92E2-1F826388E6F3}.Release|Any CPU.ActiveCfg = Release|Any CPU
		{284A4825-0CF8-42DD-92E2-1F826388E6F3}.Release|Any CPU.Build.0 = Release|Any CPU
		{284A4825-0CF8-42DD-92E2-1F826388E6F3}.Release|x64.ActiveCfg = Release|Any CPU
		{284A4825-0CF8-42DD-92E2-1F826388E6F3}.Release|x64.Build.0 = Release|Any CPU
		{284A4825-0CF8-42DD-92E2-1F826388E6F3}.Release|x86.ActiveCfg = Release|Any CPU
		{284A4825-0CF8-42DD-92E2-1F826388E6F3}.Release|x86.Build.0 = Release|Any CPU
		{48892D01-39E8-4BDB-A9D7-234BAA36D435}.Debug|Any CPU.ActiveCfg = Debug|Any CPU
		{48892D01-39E8-4BDB-A9D7-234BAA36D435}.Debug|Any CPU.Build.0 = Debug|Any CPU
		{48892D01-39E8-4BDB-A9D7-234BAA36D435}.Debug|x64.ActiveCfg = Debug|Any CPU
		{48892D01-39E8-4BDB-A9D7-234BAA36D435}.Debug|x64.Build.0 = Debug|Any CPU
		{48892D01-39E8-4BDB-A9D7-234BAA36D435}.Debug|x86.ActiveCfg = Debug|Any CPU
		{48892D01-39E8-4BDB-A9D7-234BAA36D435}.Debug|x86.Build.0 = Debug|Any CPU
		{48892D01-39E8-4BDB-A9D7-234BAA36D435}.Release|Any CPU.ActiveCfg = Release|Any CPU
		{48892D01-39E8-4BDB-A9D7-234BAA36D435}.Release|Any CPU.Build.0 = Release|Any CPU
		{48892D01-39E8-4BDB-A9D7-234BAA36D435}.Release|x64.ActiveCfg = Release|Any CPU
		{48892D01-39E8-4BDB-A9D7-234BAA36D435}.Release|x64.Build.0 = Release|Any CPU
		{48892D01-39E8-4BDB-A9D7-234BAA36D435}.Release|x86.ActiveCfg = Release|Any CPU
		{48892D01-39E8-4BDB-A9D7-234BAA36D435}.Release|x86.Build.0 = Release|Any CPU
		{C2D7C7C5-8403-4536-B93D-DBC1FD963A7C}.Debug|Any CPU.ActiveCfg = Debug|Any CPU
		{C2D7C7C5-8403-4536-B93D-DBC1FD963A7C}.Debug|Any CPU.Build.0 = Debug|Any CPU
		{C2D7C7C5-8403-4536-B93D-DBC1FD963A7C}.Debug|x64.ActiveCfg = Debug|Any CPU
		{C2D7C7C5-8403-4536-B93D-DBC1FD963A7C}.Debug|x64.Build.0 = Debug|Any CPU
		{C2D7C7C5-8403-4536-B93D-DBC1FD963A7C}.Debug|x86.ActiveCfg = Debug|Any CPU
		{C2D7C7C5-8403-4536-B93D-DBC1FD963A7C}.Debug|x86.Build.0 = Debug|Any CPU
		{C2D7C7C5-8403-4536-B93D-DBC1FD963A7C}.Release|Any CPU.ActiveCfg = Release|Any CPU
		{C2D7C7C5-8403-4536-B93D-DBC1FD963A7C}.Release|Any CPU.Build.0 = Release|Any CPU
		{C2D7C7C5-8403-4536-B93D-DBC1FD963A7C}.Release|x64.ActiveCfg = Release|Any CPU
		{C2D7C7C5-8403-4536-B93D-DBC1FD963A7C}.Release|x64.Build.0 = Release|Any CPU
		{C2D7C7C5-8403-4536-B93D-DBC1FD963A7C}.Release|x86.ActiveCfg = Release|Any CPU
		{C2D7C7C5-8403-4536-B93D-DBC1FD963A7C}.Release|x86.Build.0 = Release|Any CPU
		{7038F38F-0666-4B8C-BA53-B0C242B60361}.Debug|Any CPU.ActiveCfg = Debug|Any CPU
		{7038F38F-0666-4B8C-BA53-B0C242B60361}.Debug|Any CPU.Build.0 = Debug|Any CPU
		{7038F38F-0666-4B8C-BA53-B0C242B60361}.Debug|x64.ActiveCfg = Debug|Any CPU
		{7038F38F-0666-4B8C-BA53-B0C242B60361}.Debug|x64.Build.0 = Debug|Any CPU
		{7038F38F-0666-4B8C-BA53-B0C242B60361}.Debug|x86.ActiveCfg = Debug|Any CPU
		{7038F38F-0666-4B8C-BA53-B0C242B60361}.Debug|x86.Build.0 = Debug|Any CPU
		{7038F38F-0666-4B8C-BA53-B0C242B60361}.Release|Any CPU.ActiveCfg = Release|Any CPU
		{7038F38F-0666-4B8C-BA53-B0C242B60361}.Release|Any CPU.Build.0 = Release|Any CPU
		{7038F38F-0666-4B8C-BA53-B0C242B60361}.Release|x64.ActiveCfg = Release|Any CPU
		{7038F38F-0666-4B8C-BA53-B0C242B60361}.Release|x64.Build.0 = Release|Any CPU
		{7038F38F-0666-4B8C-BA53-B0C242B60361}.Release|x86.ActiveCfg = Release|Any CPU
		{7038F38F-0666-4B8C-BA53-B0C242B60361}.Release|x86.Build.0 = Release|Any CPU
		{E5FE0F7A-B8A0-4BF8-A8CB-FEE1852D230D}.Debug|Any CPU.ActiveCfg = Debug|Any CPU
		{E5FE0F7A-B8A0-4BF8-A8CB-FEE1852D230D}.Debug|Any CPU.Build.0 = Debug|Any CPU
		{E5FE0F7A-B8A0-4BF8-A8CB-FEE1852D230D}.Debug|x64.ActiveCfg = Debug|Any CPU
		{E5FE0F7A-B8A0-4BF8-A8CB-FEE1852D230D}.Debug|x64.Build.0 = Debug|Any CPU
		{E5FE0F7A-B8A0-4BF8-A8CB-FEE1852D230D}.Debug|x86.ActiveCfg = Debug|Any CPU
		{E5FE0F7A-B8A0-4BF8-A8CB-FEE1852D230D}.Debug|x86.Build.0 = Debug|Any CPU
		{E5FE0F7A-B8A0-4BF8-A8CB-FEE1852D230D}.Release|Any CPU.ActiveCfg = Release|Any CPU
		{E5FE0F7A-B8A0-4BF8-A8CB-FEE1852D230D}.Release|Any CPU.Build.0 = Release|Any CPU
		{E5FE0F7A-B8A0-4BF8-A8CB-FEE1852D230D}.Release|x64.ActiveCfg = Release|Any CPU
		{E5FE0F7A-B8A0-4BF8-A8CB-FEE1852D230D}.Release|x64.Build.0 = Release|Any CPU
		{E5FE0F7A-B8A0-4BF8-A8CB-FEE1852D230D}.Release|x86.ActiveCfg = Release|Any CPU
		{E5FE0F7A-B8A0-4BF8-A8CB-FEE1852D230D}.Release|x86.Build.0 = Release|Any CPU
		{F7FB5D92-43E3-4C83-BADD-9A5E03E5B547}.Debug|Any CPU.ActiveCfg = Debug|Any CPU
		{F7FB5D92-43E3-4C83-BADD-9A5E03E5B547}.Debug|Any CPU.Build.0 = Debug|Any CPU
		{F7FB5D92-43E3-4C83-BADD-9A5E03E5B547}.Debug|x64.ActiveCfg = Debug|Any CPU
		{F7FB5D92-43E3-4C83-BADD-9A5E03E5B547}.Debug|x64.Build.0 = Debug|Any CPU
		{F7FB5D92-43E3-4C83-BADD-9A5E03E5B547}.Debug|x86.ActiveCfg = Debug|Any CPU
		{F7FB5D92-43E3-4C83-BADD-9A5E03E5B547}.Debug|x86.Build.0 = Debug|Any CPU
		{F7FB5D92-43E3-4C83-BADD-9A5E03E5B547}.Release|Any CPU.ActiveCfg = Release|Any CPU
		{F7FB5D92-43E3-4C83-BADD-9A5E03E5B547}.Release|Any CPU.Build.0 = Release|Any CPU
		{F7FB5D92-43E3-4C83-BADD-9A5E03E5B547}.Release|x64.ActiveCfg = Release|Any CPU
		{F7FB5D92-43E3-4C83-BADD-9A5E03E5B547}.Release|x64.Build.0 = Release|Any CPU
		{F7FB5D92-43E3-4C83-BADD-9A5E03E5B547}.Release|x86.ActiveCfg = Release|Any CPU
		{F7FB5D92-43E3-4C83-BADD-9A5E03E5B547}.Release|x86.Build.0 = Release|Any CPU
		{3DA4F2BB-38AA-43D1-BE57-F792D7228806}.Debug|Any CPU.ActiveCfg = Debug|Any CPU
		{3DA4F2BB-38AA-43D1-BE57-F792D7228806}.Debug|Any CPU.Build.0 = Debug|Any CPU
		{3DA4F2BB-38AA-43D1-BE57-F792D7228806}.Debug|x64.ActiveCfg = Debug|Any CPU
		{3DA4F2BB-38AA-43D1-BE57-F792D7228806}.Debug|x64.Build.0 = Debug|Any CPU
		{3DA4F2BB-38AA-43D1-BE57-F792D7228806}.Debug|x86.ActiveCfg = Debug|Any CPU
		{3DA4F2BB-38AA-43D1-BE57-F792D7228806}.Debug|x86.Build.0 = Debug|Any CPU
		{3DA4F2BB-38AA-43D1-BE57-F792D7228806}.Release|Any CPU.ActiveCfg = Release|Any CPU
		{3DA4F2BB-38AA-43D1-BE57-F792D7228806}.Release|Any CPU.Build.0 = Release|Any CPU
		{3DA4F2BB-38AA-43D1-BE57-F792D7228806}.Release|x64.ActiveCfg = Release|Any CPU
		{3DA4F2BB-38AA-43D1-BE57-F792D7228806}.Release|x64.Build.0 = Release|Any CPU
		{3DA4F2BB-38AA-43D1-BE57-F792D7228806}.Release|x86.ActiveCfg = Release|Any CPU
		{3DA4F2BB-38AA-43D1-BE57-F792D7228806}.Release|x86.Build.0 = Release|Any CPU
		{C8BE1A14-352A-451C-A730-920070D4BD29}.Debug|Any CPU.ActiveCfg = Debug|Any CPU
		{C8BE1A14-352A-451C-A730-920070D4BD29}.Debug|Any CPU.Build.0 = Debug|Any CPU
		{C8BE1A14-352A-451C-A730-920070D4BD29}.Debug|x64.ActiveCfg = Debug|Any CPU
		{C8BE1A14-352A-451C-A730-920070D4BD29}.Debug|x64.Build.0 = Debug|Any CPU
		{C8BE1A14-352A-451C-A730-920070D4BD29}.Debug|x86.ActiveCfg = Debug|Any CPU
		{C8BE1A14-352A-451C-A730-920070D4BD29}.Debug|x86.Build.0 = Debug|Any CPU
		{C8BE1A14-352A-451C-A730-920070D4BD29}.Release|Any CPU.ActiveCfg = Release|Any CPU
		{C8BE1A14-352A-451C-A730-920070D4BD29}.Release|Any CPU.Build.0 = Release|Any CPU
		{C8BE1A14-352A-451C-A730-920070D4BD29}.Release|x64.ActiveCfg = Release|Any CPU
		{C8BE1A14-352A-451C-A730-920070D4BD29}.Release|x64.Build.0 = Release|Any CPU
		{C8BE1A14-352A-451C-A730-920070D4BD29}.Release|x86.ActiveCfg = Release|Any CPU
		{C8BE1A14-352A-451C-A730-920070D4BD29}.Release|x86.Build.0 = Release|Any CPU
		{651B7A1D-2863-48F1-8939-6E2732DB2F73}.Debug|Any CPU.ActiveCfg = Debug|Any CPU
		{651B7A1D-2863-48F1-8939-6E2732DB2F73}.Debug|Any CPU.Build.0 = Debug|Any CPU
		{651B7A1D-2863-48F1-8939-6E2732DB2F73}.Debug|x64.ActiveCfg = Debug|Any CPU
		{651B7A1D-2863-48F1-8939-6E2732DB2F73}.Debug|x64.Build.0 = Debug|Any CPU
		{651B7A1D-2863-48F1-8939-6E2732DB2F73}.Debug|x86.ActiveCfg = Debug|Any CPU
		{651B7A1D-2863-48F1-8939-6E2732DB2F73}.Debug|x86.Build.0 = Debug|Any CPU
		{651B7A1D-2863-48F1-8939-6E2732DB2F73}.Release|Any CPU.ActiveCfg = Release|Any CPU
		{651B7A1D-2863-48F1-8939-6E2732DB2F73}.Release|Any CPU.Build.0 = Release|Any CPU
		{651B7A1D-2863-48F1-8939-6E2732DB2F73}.Release|x64.ActiveCfg = Release|Any CPU
		{651B7A1D-2863-48F1-8939-6E2732DB2F73}.Release|x64.Build.0 = Release|Any CPU
		{651B7A1D-2863-48F1-8939-6E2732DB2F73}.Release|x86.ActiveCfg = Release|Any CPU
		{651B7A1D-2863-48F1-8939-6E2732DB2F73}.Release|x86.Build.0 = Release|Any CPU
		{9B7DC52A-21DB-4BEC-97DE-ED16C9E8B4B6}.Debug|Any CPU.ActiveCfg = Debug|Any CPU
		{9B7DC52A-21DB-4BEC-97DE-ED16C9E8B4B6}.Debug|Any CPU.Build.0 = Debug|Any CPU
		{9B7DC52A-21DB-4BEC-97DE-ED16C9E8B4B6}.Debug|x64.ActiveCfg = Debug|Any CPU
		{9B7DC52A-21DB-4BEC-97DE-ED16C9E8B4B6}.Debug|x64.Build.0 = Debug|Any CPU
		{9B7DC52A-21DB-4BEC-97DE-ED16C9E8B4B6}.Debug|x86.ActiveCfg = Debug|Any CPU
		{9B7DC52A-21DB-4BEC-97DE-ED16C9E8B4B6}.Debug|x86.Build.0 = Debug|Any CPU
		{9B7DC52A-21DB-4BEC-97DE-ED16C9E8B4B6}.Release|Any CPU.ActiveCfg = Release|Any CPU
		{9B7DC52A-21DB-4BEC-97DE-ED16C9E8B4B6}.Release|Any CPU.Build.0 = Release|Any CPU
		{9B7DC52A-21DB-4BEC-97DE-ED16C9E8B4B6}.Release|x64.ActiveCfg = Release|Any CPU
		{9B7DC52A-21DB-4BEC-97DE-ED16C9E8B4B6}.Release|x64.Build.0 = Release|Any CPU
		{9B7DC52A-21DB-4BEC-97DE-ED16C9E8B4B6}.Release|x86.ActiveCfg = Release|Any CPU
		{9B7DC52A-21DB-4BEC-97DE-ED16C9E8B4B6}.Release|x86.Build.0 = Release|Any CPU
		{05D17DAE-2F13-40BC-BF72-C0E00144DC76}.Debug|Any CPU.ActiveCfg = Debug|Any CPU
		{05D17DAE-2F13-40BC-BF72-C0E00144DC76}.Debug|Any CPU.Build.0 = Debug|Any CPU
		{05D17DAE-2F13-40BC-BF72-C0E00144DC76}.Debug|x64.ActiveCfg = Debug|Any CPU
		{05D17DAE-2F13-40BC-BF72-C0E00144DC76}.Debug|x64.Build.0 = Debug|Any CPU
		{05D17DAE-2F13-40BC-BF72-C0E00144DC76}.Debug|x86.ActiveCfg = Debug|Any CPU
		{05D17DAE-2F13-40BC-BF72-C0E00144DC76}.Debug|x86.Build.0 = Debug|Any CPU
		{05D17DAE-2F13-40BC-BF72-C0E00144DC76}.Release|Any CPU.ActiveCfg = Release|Any CPU
		{05D17DAE-2F13-40BC-BF72-C0E00144DC76}.Release|Any CPU.Build.0 = Release|Any CPU
		{05D17DAE-2F13-40BC-BF72-C0E00144DC76}.Release|x64.ActiveCfg = Release|Any CPU
		{05D17DAE-2F13-40BC-BF72-C0E00144DC76}.Release|x64.Build.0 = Release|Any CPU
		{05D17DAE-2F13-40BC-BF72-C0E00144DC76}.Release|x86.ActiveCfg = Release|Any CPU
		{05D17DAE-2F13-40BC-BF72-C0E00144DC76}.Release|x86.Build.0 = Release|Any CPU
		{2F71FFA4-D189-48C7-B7E1-00293F61A723}.Debug|Any CPU.ActiveCfg = Debug|Any CPU
		{2F71FFA4-D189-48C7-B7E1-00293F61A723}.Debug|Any CPU.Build.0 = Debug|Any CPU
		{2F71FFA4-D189-48C7-B7E1-00293F61A723}.Debug|x64.ActiveCfg = Debug|Any CPU
		{2F71FFA4-D189-48C7-B7E1-00293F61A723}.Debug|x64.Build.0 = Debug|Any CPU
		{2F71FFA4-D189-48C7-B7E1-00293F61A723}.Debug|x86.ActiveCfg = Debug|Any CPU
		{2F71FFA4-D189-48C7-B7E1-00293F61A723}.Debug|x86.Build.0 = Debug|Any CPU
		{2F71FFA4-D189-48C7-B7E1-00293F61A723}.Release|Any CPU.ActiveCfg = Release|Any CPU
		{2F71FFA4-D189-48C7-B7E1-00293F61A723}.Release|Any CPU.Build.0 = Release|Any CPU
		{2F71FFA4-D189-48C7-B7E1-00293F61A723}.Release|x64.ActiveCfg = Release|Any CPU
		{2F71FFA4-D189-48C7-B7E1-00293F61A723}.Release|x64.Build.0 = Release|Any CPU
		{2F71FFA4-D189-48C7-B7E1-00293F61A723}.Release|x86.ActiveCfg = Release|Any CPU
		{2F71FFA4-D189-48C7-B7E1-00293F61A723}.Release|x86.Build.0 = Release|Any CPU
		{18258369-7063-497E-932B-3F7AC8BFE851}.Debug|Any CPU.ActiveCfg = Debug|Any CPU
		{18258369-7063-497E-932B-3F7AC8BFE851}.Debug|Any CPU.Build.0 = Debug|Any CPU
		{18258369-7063-497E-932B-3F7AC8BFE851}.Debug|x64.ActiveCfg = Debug|Any CPU
		{18258369-7063-497E-932B-3F7AC8BFE851}.Debug|x64.Build.0 = Debug|Any CPU
		{18258369-7063-497E-932B-3F7AC8BFE851}.Debug|x86.ActiveCfg = Debug|Any CPU
		{18258369-7063-497E-932B-3F7AC8BFE851}.Debug|x86.Build.0 = Debug|Any CPU
		{18258369-7063-497E-932B-3F7AC8BFE851}.Release|Any CPU.ActiveCfg = Release|Any CPU
		{18258369-7063-497E-932B-3F7AC8BFE851}.Release|Any CPU.Build.0 = Release|Any CPU
		{18258369-7063-497E-932B-3F7AC8BFE851}.Release|x64.ActiveCfg = Release|Any CPU
		{18258369-7063-497E-932B-3F7AC8BFE851}.Release|x64.Build.0 = Release|Any CPU
		{18258369-7063-497E-932B-3F7AC8BFE851}.Release|x86.ActiveCfg = Release|Any CPU
		{18258369-7063-497E-932B-3F7AC8BFE851}.Release|x86.Build.0 = Release|Any CPU
	EndGlobalSection
	GlobalSection(SolutionProperties) = preSolution
		HideSolutionNode = FALSE
	EndGlobalSection
EndGlobal
